{
  "name": "template-admin",
  "lockfileVersion": 3,
  "requires": true,
  "packages": {
    "": {
      "dependencies": {
        "@jimebillie/gallery-plugin": "^1.0.0"
      }
    },
    "node_modules/@jimebillie/gallery-plugin": {
      "version": "1.0.0",
      "resolved": "https://registry.npmjs.org/@jimebillie/gallery-plugin/-/gallery-plugin-1.0.0.tgz",
      "integrity": "sha512-mWyWNZmlovsgZdbPGz+yZ34/aIPGaIgOkyG8Yj5ZWBq7XFvlZ3bYL4+tZ1G88c5sBS4w2f8nbR6Obhyj0rgzXQ=="
    }
  }
}
